
Microsoft Visual Studio Solution File, Format Version 12.00
# Visual Studio Version 17
VisualStudioVersion = 17.7.34031.279
MinimumVisualStudioVersion = 10.0.40219.1
Project("{FAE04EC0-301F-11D3-BF4B-00C04F79EFBC}") = "school", "school\school.csproj", "{AA5F5435-AF83-4E9C-A40A-9D9AB5FEA198}"
EndProject
Global
	GlobalSection(SolutionConfigurationPlatforms) = preSolution
		Debug|Any CPU = Debug|Any CPU
		Release|Any CPU = Release|Any CPU
	EndGlobalSection
	GlobalSection(ProjectConfigurationPlatforms) = postSolution
		{AA5F5435-AF83-4E9C-A40A-9D9AB5FEA198}.Debug|Any CPU.ActiveCfg = Debug|Any CPU
		{AA5F5435-AF83-4E9C-A40A-9D9AB5FEA198}.Debug|Any CPU.Build.0 = Debug|Any CPU
		{AA5F5435-AF83-4E9C-A40A-9D9AB5FEA198}.Release|Any CPU.ActiveCfg = Release|Any CPU
		{AA5F5435-AF83-4E9C-A40A-9D9AB5FEA198}.Release|Any CPU.Build.0 = Release|Any CPU
	EndGlobalSection
	GlobalSection(SolutionProperties) = preSolution
		HideSolutionNode = FALSE
	EndGlobalSection
	GlobalSection(ExtensibilityGlobals) = postSolution
		SolutionGuid = {73F622C4-7D73-40A6-9A41-392D2053D081}
	EndGlobalSection
EndGlobal
